
Microsoft Visual Studio Solution File, Format Version 12.00
# Visual Studio 15
VisualStudioVersion = 15.0.28307.136
MinimumVisualStudioVersion = 10.0.40219.1
Project("{FAE04EC0-301F-11D3-BF4B-00C04F79EFBC}") = "StockAnalysisCmov.Android", "StockAnalysisCmov\StockAnalysisCmov.Android\StockAnalysisCmov.Android.csproj", "{072181BA-B7CC-4EF7-9C80-CAFFAFED3B55}"
EndProject
Project("{FAE04EC0-301F-11D3-BF4B-00C04F79EFBC}") = "StockAnalysisCmov", "StockAnalysisCmov\StockAnalysisCmov\StockAnalysisCmov.csproj", "{9D473C86-81D5-4B8E-8404-FB1C066D75B5}"
EndProject
Global
	GlobalSection(SolutionConfigurationPlatforms) = preSolution
		Debug|Any CPU = Debug|Any CPU
		Release|Any CPU = Release|Any CPU
	EndGlobalSection
	GlobalSection(ProjectConfigurationPlatforms) = postSolution
		{072181BA-B7CC-4EF7-9C80-CAFFAFED3B55}.Debug|Any CPU.ActiveCfg = Debug|Any CPU
		{072181BA-B7CC-4EF7-9C80-CAFFAFED3B55}.Debug|Any CPU.Build.0 = Debug|Any CPU
		{072181BA-B7CC-4EF7-9C80-CAFFAFED3B55}.Debug|Any CPU.Deploy.0 = Debug|Any CPU
		{072181BA-B7CC-4EF7-9C80-CAFFAFED3B55}.Release|Any CPU.ActiveCfg = Release|Any CPU
		{072181BA-B7CC-4EF7-9C80-CAFFAFED3B55}.Release|Any CPU.Build.0 = Release|Any CPU
		{072181BA-B7CC-4EF7-9C80-CAFFAFED3B55}.Release|Any CPU.Deploy.0 = Release|Any CPU
		{9D473C86-81D5-4B8E-8404-FB1C066D75B5}.Debug|Any CPU.ActiveCfg = Debug|Any CPU
		{9D473C86-81D5-4B8E-8404-FB1C066D75B5}.Debug|Any CPU.Build.0 = Debug|Any CPU
		{9D473C86-81D5-4B8E-8404-FB1C066D75B5}.Release|Any CPU.ActiveCfg = Release|Any CPU
		{9D473C86-81D5-4B8E-8404-FB1C066D75B5}.Release|Any CPU.Build.0 = Release|Any CPU
	EndGlobalSection
	GlobalSection(SolutionProperties) = preSolution
		HideSolutionNode = FALSE
	EndGlobalSection
	GlobalSection(ExtensibilityGlobals) = postSolution
		SolutionGuid = {049D7AA3-2A2B-433B-AF39-3B20EB0D4888}
	EndGlobalSection
EndGlobal
